
Microsoft Visual Studio Solution File, Format Version 12.00
# Visual Studio Version 16
VisualStudioVersion = 16.0.31129.286
MinimumVisualStudioVersion = 10.0.40219.1
Project("{FAE04EC0-301F-11D3-BF4B-00C04F79EFBC}") = "IZANETFRAME", "IZANETFRAME\IZANETFRAME.csproj", "{6ACD752B-A868-4631-916A-C56075799341}"
EndProject
Global
	GlobalSection(SolutionConfigurationPlatforms) = preSolution
		Debug|Any CPU = Debug|Any CPU
		Release|Any CPU = Release|Any CPU
	EndGlobalSection
	GlobalSection(ProjectConfigurationPlatforms) = postSolution
		{6ACD752B-A868-4631-916A-C56075799341}.Debug|Any CPU.ActiveCfg = Debug|Any CPU
		{6ACD752B-A868-4631-916A-C56075799341}.Debug|Any CPU.Build.0 = Debug|Any CPU
		{6ACD752B-A868-4631-916A-C56075799341}.Release|Any CPU.ActiveCfg = Release|Any CPU
		{6ACD752B-A868-4631-916A-C56075799341}.Release|Any CPU.Build.0 = Release|Any CPU
	EndGlobalSection
	GlobalSection(SolutionProperties) = preSolution
		HideSolutionNode = FALSE
	EndGlobalSection
	GlobalSection(ExtensibilityGlobals) = postSolution
		SolutionGuid = {422B37DB-AAEE-430B-B59B-F9BEB627152D}
	EndGlobalSection
EndGlobal
